<?xml version="1.0" encoding="utf-8"?>
<Project ToolsVersion="4.0" xmlns="http://schemas.microsoft.com/developer/msbuild/2003">
  <ItemGroup>
    <Filter Include="Source Files">
      <UniqueIdentifier>{4FC737F1-C7A5-4376-A066-2A32D752A2FF}</UniqueIdentifier>
      <Extensions>cpp;c;cc;cxx;c++;cppm;ixx;def;odl;idl;hpj;bat;asm;asmx</Extensions>
    </Filter>
    <Filter Include="Header Files">
      <UniqueIdentifier>{93995380-89BD-4b04-88EB-625FBE52EBFB}</UniqueIdentifier>
      <Extensions>h;hh;hpp;hxx;h++;hm;inl;inc;ipp;xsd</Extensions>
    </Filter>
    <Filter Include="Resource Files">
      <UniqueIdentifier>{67DA6AB6-F800-4c08-8B7A-83BB121AAD01}</UniqueIdentifier>
      <Extensions>rc;ico;cur;bmp;dlg;rc2;rct;bin;rgs;gif;jpg;jpeg;jpe;resx;tiff;tif;png;wav;mfcribbon-ms</Extensions>
    </Filter>
  </ItemGroup>
  <ItemGroup>
    <ClInclude Include="libpcap\funcs\pcap.h">
      <Filter>Header Files</Filter>
    </ClInclude>
    <ClInclude Include="libpcap\incs\pcap.h">
      <Filter>Header Files</Filter>
    </ClInclude>
  </ItemGroup>
  <ItemGroup>
    <None Include="compile.htm" />
    <None Include="footer.htm" />
    <None Include="internals.htm" />
    <None Include="intro.htm" />
    <None Include="language.htm" />
    <None Include="npf.htm" />
    <None Include="packet.htm" />
    <None Include="packet_samp.htm" />
    <None Include="slides.ppt" />
    <None Include="style.css" />
    <None Include="WinPcap_docs.html" />
    <None Include="wpcap.htm" />
    <None Include="wpcap_remote.htm" />
    <None Include="wpcap_samp.htm" />
    <None Include="wpcap_samp1.htm" />
    <None Include="wpcap_samp2.htm" />
  </ItemGroup>
  <ItemGroup>
    <Text Include="doxygen_groups.txt" />
    <Text Include="doxygen_groups_packetdll.txt" />
    <Text Include="main.txt" />
    <Text Include="main_packetdll.txt" />
    <Text Include="note.txt" />
    <Text Include="wpcap_tut.txt" />
    <Text Include="wpcap_tut1.txt" />
    <Text Include="wpcap_tut2.txt" />
    <Text Include="wpcap_tut3.txt" />
    <Text Include="wpcap_tut4.txt" />
    <Text Include="wpcap_tut5.txt" />
    <Text Include="wpcap_tut6.txt" />
    <Text Include="wpcap_tut7.txt" />
    <Text Include="wpcap_tut8.txt" />
    <Text Include="wpcap_tut9.txt" />
  </ItemGroup>
  <ItemGroup>
    <Image Include="internals-arch.gif">
      <Filter>Resource Files</Filter>
    </Image>
    <Image Include="npf-dump.gif">
      <Filter>Resource Files</Filter>
    </Image>
    <Image Include="npf-ndis.gif">
      <Filter>Resource Files</Filter>
    </Image>
    <Image Include="npf-npf.gif">
      <Filter>Resource Files</Filter>
    </Image>
  </ItemGroup>
</Project>