
Microsoft Visual Studio Solution File, Format Version 12.00
# Visual Studio Version 17
VisualStudioVersion = 17.13.35818.85
MinimumVisualStudioVersion = 10.0.40219.1
Project("{FAE04EC0-301F-11D3-BF4B-00C04F79EFBC}") = "NetworkTools.CLI", "NetworkTools.CLI\NetworkTools.CLI.csproj", "{61388D7B-124F-4A22-858A-FDA13C8FB377}"
EndProject
Project("{2150E333-8FDC-42A3-9474-1A3956D46DE8}") = "SolutionInstall", "SolutionInstall", "{02EA681E-C7D8-13C7-8484-4AC65E1B71E8}"
	ProjectSection(SolutionItems) = preProject
		appveyor.yml = appveyor.yml
		build_sdk.bat = build_sdk.bat
		SolutionInstall\build_wpdpack.bat = SolutionInstall\build_wpdpack.bat
		SolutionInstall\build_wpdpack.txt = SolutionInstall\build_wpdpack.txt
		SolutionInstall\create_docs.bat = SolutionInstall\create_docs.bat
		SolutionInstall\create_examples.bat = SolutionInstall\create_examples.bat
		SolutionInstall\create_include.bat = SolutionInstall\create_include.bat
		SolutionInstall\create_lib.bat = SolutionInstall\create_lib.bat
		SolutionInstall\create_web.bat = SolutionInstall\create_web.bat
		SolutionInstall\integrate_libpcap.bat = SolutionInstall\integrate_libpcap.bat
		SolutionInstall\version.h = SolutionInstall\version.h
	EndProjectSection
EndProject
Project("{8BC9CEB8-8B4A-11D0-8D11-00A0C91BC942}") = "NetworkTools.Common", "NetworkTools.Common\NetworkTools.Common.vcxproj", "{9726FCEA-BA8E-465A-9E08-41EABB1BA212}"
EndProject
Project("{8BC9CEB8-8B4A-11D0-8D11-00A0C91BC942}") = "NetworkTools.Examples", "NetworkTools.Examples\NetworkTools.Examples.vcxproj", "{AB714239-007B-438B-BF03-8D83EE3690B0}"
EndProject
Project("{8BC9CEB8-8B4A-11D0-8D11-00A0C91BC942}") = "NetworkTools.PacketWin7", "NetworkTools.PacketWin7\NetworkTools.PacketWin7.vcxproj", "{2134E8ED-33FD-4197-9AA0-2CDCD3685ACA}"
EndProject
Project("{8BC9CEB8-8B4A-11D0-8D11-00A0C91BC942}") = "NetworkTools.WPCap", "NetworkTools.WPCap\NetworkTools.WPCap.vcxproj", "{25022B33-459B-4156-A309-ABE1E5F164AC}"
EndProject
Project("{8BC9CEB8-8B4A-11D0-8D11-00A0C91BC942}") = "NetworkTools.Documentation", "NetworkTools.Documentation\NetworkTools.Documentation.vcxproj", "{AAFD349B-693D-467C-9D28-84C671909973}"
EndProject
Global
	GlobalSection(SolutionConfigurationPlatforms) = preSolution
		Debug|Any CPU = Debug|Any CPU
		Release|Any CPU = Release|Any CPU
	EndGlobalSection
	GlobalSection(ProjectConfigurationPlatforms) = postSolution
		{61388D7B-124F-4A22-858A-FDA13C8FB377}.Debug|Any CPU.ActiveCfg = Debug|Any CPU
		{61388D7B-124F-4A22-858A-FDA13C8FB377}.Debug|Any CPU.Build.0 = Debug|Any CPU
		{61388D7B-124F-4A22-858A-FDA13C8FB377}.Release|Any CPU.ActiveCfg = Release|Any CPU
		{61388D7B-124F-4A22-858A-FDA13C8FB377}.Release|Any CPU.Build.0 = Release|Any CPU
		{9726FCEA-BA8E-465A-9E08-41EABB1BA212}.Debug|Any CPU.ActiveCfg = Debug|x64
		{9726FCEA-BA8E-465A-9E08-41EABB1BA212}.Debug|Any CPU.Build.0 = Debug|x64
		{9726FCEA-BA8E-465A-9E08-41EABB1BA212}.Release|Any CPU.ActiveCfg = Release|x64
		{9726FCEA-BA8E-465A-9E08-41EABB1BA212}.Release|Any CPU.Build.0 = Release|x64
		{AB714239-007B-438B-BF03-8D83EE3690B0}.Debug|Any CPU.ActiveCfg = Debug|x64
		{AB714239-007B-438B-BF03-8D83EE3690B0}.Debug|Any CPU.Build.0 = Debug|x64
		{AB714239-007B-438B-BF03-8D83EE3690B0}.Release|Any CPU.ActiveCfg = Release|x64
		{AB714239-007B-438B-BF03-8D83EE3690B0}.Release|Any CPU.Build.0 = Release|x64
		{2134E8ED-33FD-4197-9AA0-2CDCD3685ACA}.Debug|Any CPU.ActiveCfg = Debug|x64
		{2134E8ED-33FD-4197-9AA0-2CDCD3685ACA}.Debug|Any CPU.Build.0 = Debug|x64
		{2134E8ED-33FD-4197-9AA0-2CDCD3685ACA}.Release|Any CPU.ActiveCfg = Release|x64
		{2134E8ED-33FD-4197-9AA0-2CDCD3685ACA}.Release|Any CPU.Build.0 = Release|x64
		{25022B33-459B-4156-A309-ABE1E5F164AC}.Debug|Any CPU.ActiveCfg = Debug|x64
		{25022B33-459B-4156-A309-ABE1E5F164AC}.Debug|Any CPU.Build.0 = Debug|x64
		{25022B33-459B-4156-A309-ABE1E5F164AC}.Release|Any CPU.ActiveCfg = Release|x64
		{25022B33-459B-4156-A309-ABE1E5F164AC}.Release|Any CPU.Build.0 = Release|x64
		{AAFD349B-693D-467C-9D28-84C671909973}.Debug|Any CPU.ActiveCfg = Debug|x64
		{AAFD349B-693D-467C-9D28-84C671909973}.Debug|Any CPU.Build.0 = Debug|x64
		{AAFD349B-693D-467C-9D28-84C671909973}.Release|Any CPU.ActiveCfg = Release|x64
		{AAFD349B-693D-467C-9D28-84C671909973}.Release|Any CPU.Build.0 = Release|x64
	EndGlobalSection
	GlobalSection(SolutionProperties) = preSolution
		HideSolutionNode = FALSE
	EndGlobalSection
	GlobalSection(ExtensibilityGlobals) = postSolution
		SolutionGuid = {03057239-B336-4EEB-8C64-EAA9C6C426E9}
	EndGlobalSection
EndGlobal
